
Microsoft Visual Studio Solution File, Format Version 12.00
# Visual Studio 15
VisualStudioVersion = 15.0.27703.2047
MinimumVisualStudioVersion = 10.0.40219.1
Project("{9A19103F-16F7-4668-BE54-9A1E7A4F7556}") = "AspNetCore-QnA-Bot", "AspNetCore-QnA-Bot.csproj", "{1E43C7DF-63DB-4B1C-B8C5-0BE9D0D1DFE1}"
EndProject
Global
	GlobalSection(SolutionConfigurationPlatforms) = preSolution
		Debug|Any CPU = Debug|Any CPU
		Release|Any CPU = Release|Any CPU
	EndGlobalSection
	GlobalSection(ProjectConfigurationPlatforms) = postSolution
		{1E43C7DF-63DB-4B1C-B8C5-0BE9D0D1DFE1}.Debug|Any CPU.ActiveCfg = Debug|Any CPU
		{1E43C7DF-63DB-4B1C-B8C5-0BE9D0D1DFE1}.Debug|Any CPU.Build.0 = Debug|Any CPU
		{1E43C7DF-63DB-4B1C-B8C5-0BE9D0D1DFE1}.Release|Any CPU.ActiveCfg = Release|Any CPU
		{1E43C7DF-63DB-4B1C-B8C5-0BE9D0D1DFE1}.Release|Any CPU.Build.0 = Release|Any CPU
	EndGlobalSection
	GlobalSection(SolutionProperties) = preSolution
		HideSolutionNode = FALSE
	EndGlobalSection
	GlobalSection(ExtensibilityGlobals) = postSolution
		SolutionGuid = {87EB8A6D-D46D-4D5F-BB01-12E0877B2D5B}
	EndGlobalSection
EndGlobal
