
Microsoft Visual Studio Solution File, Format Version 12.00
# Visual Studio 15
VisualStudioVersion = 15.0.27703.2047
MinimumVisualStudioVersion = 10.0.40219.1
Project("{9A19103F-16F7-4668-BE54-9A1E7A4F7556}") = "AspNetCore-EchoBot-With-State", "AspNetCore-EchoBot-With-State.csproj", "{C95FCC96-0398-4066-817B-008664413811}"
EndProject
Global
	GlobalSection(SolutionConfigurationPlatforms) = preSolution
		Debug|Any CPU = Debug|Any CPU
		Release|Any CPU = Release|Any CPU
	EndGlobalSection
	GlobalSection(ProjectConfigurationPlatforms) = postSolution
		{C95FCC96-0398-4066-817B-008664413811}.Debug|Any CPU.ActiveCfg = Debug|Any CPU
		{C95FCC96-0398-4066-817B-008664413811}.Debug|Any CPU.Build.0 = Debug|Any CPU
		{C95FCC96-0398-4066-817B-008664413811}.Release|Any CPU.ActiveCfg = Release|Any CPU
		{C95FCC96-0398-4066-817B-008664413811}.Release|Any CPU.Build.0 = Release|Any CPU
	EndGlobalSection
	GlobalSection(SolutionProperties) = preSolution
		HideSolutionNode = FALSE
	EndGlobalSection
	GlobalSection(ExtensibilityGlobals) = postSolution
		SolutionGuid = {C63D9622-F65C-43A2-9CC4-75B4CB6AE247}
	EndGlobalSection
EndGlobal
